{
  "nodes": {
    "cl-cc-ast": {
      "flake": false,
      "locked": {
        "lastModified": 1784816576,
        "narHash": "sha256-rTqKsjES5FJu8F/63zNMQaHtkHeCfYR33EwKTil7+Qc=",
        "owner": "nerima-lisp",
        "repo": "cl-cc-ast",
        "rev": "e88efda6430e82bd9e93b9a033f114c88d17cb0a",
        "type": "github"
      },
      "original": {
        "owner": "nerima-lisp",
        "repo": "cl-cc-ast",
        "type": "github"
      }
    },
    "cl-weave": {
      "flake": false,
      "locked": {
        "lastModified": 1784866842,
        "narHash": "sha256-uFdqahTn9aTgFYnV8tkY5CLI53EGxSZGXjW6Ky1NgXY=",
        "owner": "nerima-lisp",
        "repo": "cl-weave",
        "rev": "7ddc1a283878878a58ec90ab6d4742be86868ba8",
        "type": "github"
      },
      "original": {
        "owner": "nerima-lisp",
        "repo": "cl-weave",
        "type": "github"
      }
    },
    "nixpkgs": {
      "locked": {
        "lastModified": 1784555310,
        "narHash": "sha256-/FCliTPgiuV1owejZFNx3Ch9irdvkOfOFl+HHZ+DrtM=",
        "owner": "NixOS",
        "repo": "nixpkgs",
        "rev": "421eebfd0ec7bccd4abe826ce62d7e6e83129493",
        "type": "github"
      },
      "original": {
        "owner": "NixOS",
        "ref": "nixpkgs-unstable",
        "repo": "nixpkgs",
        "type": "github"
      }
    },
    "root": {
      "inputs": {
        "cl-cc-ast": "cl-cc-ast",
        "cl-weave": "cl-weave",
        "nixpkgs": "nixpkgs"
      }
    }
  },
  "root": "root",
  "version": 7
}
